{
  "originHash" : "62bb1290c648d389dbfbdb08e26fadeadfdc5469445fde0ab900b9f13f48ee0a",
  "pins" : [
    {
      "identity" : "elevenlabskit",
      "kind" : "remoteSourceControl",
      "location" : "https://github.com/steipete/ElevenLabsKit",
      "state" : {
        "revision" : "c8679fbd37416a8780fe43be88a497ff16209e2d",
        "version" : "0.1.0"
      }
    }
  ],
  "version" : 3
}
